{
  "requires": true,
  "lockfileVersion": 1,
  "dependencies": {
    "@popperjs/core": {
      "version": "2.5.2",
      "resolved": "https://registry.npmjs.org/@popperjs/core/-/core-2.5.2.tgz",
      "integrity": "sha512-tVkIU9JQw5fYPxLQgok/a7I6J1eEZ79svwQGpe2mb3jlVsPADOleefOnQBiS/takK7jQuNeswCUicMH1VWVziA=="
    }
  }
}
